// !$*UTF8*$!
{
	archiveVersion = 1;
	classes = {
	};
	objectVersion = 55;
	objects = {

/* Begin PBXBuildFile section */
		4E26D15173538DB59C6AD453 /* Pods_Christina_App.framework in Frameworks */ = {isa = PBXBuildFile; fileRef = 602B93D71F5F78F9C88A7D3E /* Pods_Christina_App.framework */; };
		5D5FD4D11F074C45BBA1809D /* Pods_Christina_App_Christina_AppUITests.framework in Frameworks */ = {isa = PBXBuildFile; fileRef = 99742246A4F79FBEB919BB39 /* Pods_Christina_App_Christina_AppUITests.framework */; };
		7D2F0EF327D8672100540D33 /* AppDelegate.swift in Sources */ = {isa = PBXBuildFile; fileRef = 7D2F0EF227D8672100540D33 /* AppDelegate.swift */; };
		7D2F0EF527D8672100540D33 /* SceneDelegate.swift in Sources */ = {isa = PBXBuildFile; fileRef = 7D2F0EF427D8672100540D33 /* SceneDelegate.swift */; };
		7D2F0EF727D8672100540D33 /* ViewController.swift in Sources */ = {isa = PBXBuildFile; fileRef = 7D2F0EF627D8672100540D33 /* ViewController.swift */; };
		7D2F0EFA27D8672100540D33 /* Main.storyboard in Resources */ = {isa = PBXBuildFile; fileRef = 7D2F0EF827D8672100540D33 /* Main.storyboard */; };
		7D2F0EFC27D8672200540D33 /* Assets.xcassets in Resources */ = {isa = PBXBuildFile; fileRef = 7D2F0EFB27D8672200540D33 /* Assets.xcassets */; };
		7D2F0EFF27D8672200540D33 /* LaunchScreen.storyboard in Resources */ = {isa = PBXBuildFile; fileRef = 7D2F0EFD27D8672200540D33 /* LaunchScreen.storyboard */; };
		7D2F0F0A27D8672200540D33 /* Christina_AppTests.swift in Sources */ = {isa = PBXBuildFile; fileRef = 7D2F0F0927D8672200540D33 /* Christina_AppTests.swift */; };
		7D2F0F1427D8672200540D33 /* Christina_AppUITests.swift in Sources */ = {isa = PBXBuildFile; fileRef = 7D2F0F1327D8672200540D33 /* Christina_AppUITests.swift */; };
		7D2F0F1627D8672200540D33 /* Christina_AppUITestsLaunchTests.swift in Sources */ = {isa = PBXBuildFile; fileRef = 7D2F0F1527D8672200540D33 /* Christina_AppUITestsLaunchTests.swift */; };
		7D2F0F2527D8715C00540D33 /* GoogleService-Info.plist in Resources */ = {isa = PBXBuildFile; fileRef = 7D2F0F2427D8715C00540D33 /* GoogleService-Info.plist */; };
		7D2F0F2A27D99D0500540D33 /* HomeViewController.swift in Sources */ = {isa = PBXBuildFile; fileRef = 7D2F0F2927D99D0500540D33 /* HomeViewController.swift */; };
		7D2F0F2E27D99D4500540D33 /* SettingsViewController.swift in Sources */ = {isa = PBXBuildFile; fileRef = 7D2F0F2D27D99D4500540D33 /* SettingsViewController.swift */; };
		7D2F0FBC27DCFBA100540D33 /* CustomTabBarViewController.swift in Sources */ = {isa = PBXBuildFile; fileRef = 7D2F0FBB27DCFBA100540D33 /* CustomTabBarViewController.swift */; };
		7D2F0FBE27DD2A6400540D33 /* UploadViewController.swift in Sources */ = {isa = PBXBuildFile; fileRef = 7D2F0FBD27DD2A6400540D33 /* UploadViewController.swift */; };
		97F7B3F3919DBD8C760357BB /* Pods_Christina_AppTests.framework in Frameworks */ = {isa = PBXBuildFile; fileRef = A4085BB01264BDB3E1848804 /* Pods_Christina_AppTests.framework */; };
/* End PBXBuildFile section */

/* Begin PBXContainerItemProxy section */
		7D2F0F0627D8672200540D33 /* PBXContainerItemProxy */ = {
			isa = PBXContainerItemProxy;
			containerPortal = 7D2F0EE727D8672100540D33 /* Project object */;
			proxyType = 1;
			remoteGlobalIDString = 7D2F0EEE27D8672100540D33;
			remoteInfo = "Christina App";
		};
		7D2F0F1027D8672200540D33 /* PBXContainerItemProxy */ = {
			isa = PBXContainerItemProxy;
			containerPortal = 7D2F0EE727D8672100540D33 /* Project object */;
			proxyType = 1;
			remoteGlobalIDString = 7D2F0EEE27D8672100540D33;
			remoteInfo = "Christina App";
		};
/* End PBXContainerItemProxy section */

/* Begin PBXFileReference section */
		036E222BC7859414A143EBC3 /* Pods-Christina App.release.xcconfig */ = {isa = PBXFileReference; includeInIndex = 1; lastKnownFileType = text.xcconfig; name = "Pods-Christina App.release.xcconfig"; path = "Target Support Files/Pods-Christina App/Pods-Christina App.release.xcconfig"; sourceTree = "<group>"; };
		05689B12C18D0D525F19B3A4 /* Pods-Christina AppTests.debug.xcconfig */ = {isa = PBXFileReference; includeInIndex = 1; lastKnownFileType = text.xcconfig; name = "Pods-Christina AppTests.debug.xcconfig"; path = "Target Support Files/Pods-Christina AppTests/Pods-Christina AppTests.debug.xcconfig"; sourceTree = "<group>"; };
		2970509A125ED1E0823E3AE6 /* Pods-Christina App.debug.xcconfig */ = {isa = PBXFileReference; includeInIndex = 1; lastKnownFileType = text.xcconfig; name = "Pods-Christina App.debug.xcconfig"; path = "Target Support Files/Pods-Christina App/Pods-Christina App.debug.xcconfig"; sourceTree = "<group>"; };
		5B64D281B67AAD36D2B567FF /* Pods-Christina AppTests.release.xcconfig */ = {isa = PBXFileReference; includeInIndex = 1; lastKnownFileType = text.xcconfig; name = "Pods-Christina AppTests.release.xcconfig"; path = "Target Support Files/Pods-Christina AppTests/Pods-Christina AppTests.release.xcconfig"; sourceTree = "<group>"; };
		602B93D71F5F78F9C88A7D3E /* Pods_Christina_App.framework */ = {isa = PBXFileReference; explicitFileType = wrapper.framework; includeInIndex = 0; path = Pods_Christina_App.framework; sourceTree = BUILT_PRODUCTS_DIR; };
		7D2F0EEF27D8672100540D33 /* Christina App.app */ = {isa = PBXFileReference; explicitFileType = wrapper.application; includeInIndex = 0; path = "Christina App.app"; sourceTree = BUILT_PRODUCTS_DIR; };
		7D2F0EF227D8672100540D33 /* AppDelegate.swift */ = {isa = PBXFileReference; lastKnownFileType = sourcecode.swift; path = AppDelegate.swift; sourceTree = "<group>"; };
		7D2F0EF427D8672100540D33 /* SceneDelegate.swift */ = {isa = PBXFileReference; lastKnownFileType = sourcecode.swift; path = SceneDelegate.swift; sourceTree = "<group>"; };
		7D2F0EF627D8672100540D33 /* ViewController.swift */ = {isa = PBXFileReference; lastKnownFileType = sourcecode.swift; path = ViewController.swift; sourceTree = "<group>"; };
		7D2F0EF927D8672100540D33 /* Base */ = {isa = PBXFileReference; lastKnownFileType = file.storyboard; name = Base; path = Base.lproj/Main.storyboard; sourceTree = "<group>"; };
		7D2F0EFB27D8672200540D33 /* Assets.xcassets */ = {isa = PBXFileReference; lastKnownFileType = folder.assetcatalog; path = Assets.xcassets; sourceTree = "<group>"; };
		7D2F0EFE27D8672200540D33 /* Base */ = {isa = PBXFileReference; lastKnownFileType = file.storyboard; name = Base; path = Base.lproj/LaunchScreen.storyboard; sourceTree = "<group>"; };
		7D2F0F0027D8672200540D33 /* Info.plist */ = {isa = PBXFileReference; lastKnownFileType = text.plist.xml; path = Info.plist; sourceTree = "<group>"; };
		7D2F0F0527D8672200540D33 /* Christina AppTests.xctest */ = {isa = PBXFileReference; explicitFileType = wrapper.cfbundle; includeInIndex = 0; path = "Christina AppTests.xctest"; sourceTree = BUILT_PRODUCTS_DIR; };
		7D2F0F0927D8672200540D33 /* Christina_AppTests.swift */ = {isa = PBXFileReference; lastKnownFileType = sourcecode.swift; path = Christina_AppTests.swift; sourceTree = "<group>"; };
		7D2F0F0F27D8672200540D33 /* Christina AppUITests.xctest */ = {isa = PBXFileReference; explicitFileType = wrapper.cfbundle; includeInIndex = 0; path = "Christina AppUITests.xctest"; sourceTree = BUILT_PRODUCTS_DIR; };
		7D2F0F1327D8672200540D33 /* Christina_AppUITests.swift */ = {isa = PBXFileReference; lastKnownFileType = sourcecode.swift; path = Christina_AppUITests.swift; sourceTree = "<group>"; };
		7D2F0F1527D8672200540D33 /* Christina_AppUITestsLaunchTests.swift */ = {isa = PBXFileReference; lastKnownFileType = sourcecode.swift; path = Christina_AppUITestsLaunchTests.swift; sourceTree = "<group>"; };
		7D2F0F2427D8715C00540D33 /* GoogleService-Info.plist */ = {isa = PBXFileReference; fileEncoding = 4; lastKnownFileType = text.plist.xml; name = "GoogleService-Info.plist"; path = "../../../../../Desktop/GoogleService-Info.plist"; sourceTree = "<group>"; };
		7D2F0F2927D99D0500540D33 /* HomeViewController.swift */ = {isa = PBXFileReference; lastKnownFileType = sourcecode.swift; path = HomeViewController.swift; sourceTree = "<group>"; };
		7D2F0F2D27D99D4500540D33 /* SettingsViewController.swift */ = {isa = PBXFileReference; lastKnownFileType = sourcecode.swift; path = SettingsViewController.swift; sourceTree = "<group>"; };
		7D2F0FBB27DCFBA100540D33 /* CustomTabBarViewController.swift */ = {isa = PBXFileReference; lastKnownFileType = sourcecode.swift; path = CustomTabBarViewController.swift; sourceTree = "<group>"; };
		7D2F0FBD27DD2A6400540D33 /* UploadViewController.swift */ = {isa = PBXFileReference; lastKnownFileType = sourcecode.swift; path = UploadViewController.swift; sourceTree = "<group>"; };
		900306B7987869A953FC17C9 /* Pods-Christina App-Christina AppUITests.release.xcconfig */ = {isa = PBXFileReference; includeInIndex = 1; lastKnownFileType = text.xcconfig; name = "Pods-Christina App-Christina AppUITests.release.xcconfig"; path = "Target Support Files/Pods-Christina App-Christina AppUITests/Pods-Christina App-Christina AppUITests.release.xcconfig"; sourceTree = "<group>"; };
		99742246A4F79FBEB919BB39 /* Pods_Christina_App_Christina_AppUITests.framework */ = {isa = PBXFileReference; explicitFileType = wrapper.framework; includeInIndex = 0; path = Pods_Christina_App_Christina_AppUITests.framework; sourceTree = BUILT_PRODUCTS_DIR; };
		A4085BB01264BDB3E1848804 /* Pods_Christina_AppTests.framework */ = {isa = PBXFileReference; explicitFileType = wrapper.framework; includeInIndex = 0; path = Pods_Christina_AppTests.framework; sourceTree = BUILT_PRODUCTS_DIR; };
		AAA9515AE925D280C39EF937 /* Pods-Christina App-Christina AppUITests.debug.xcconfig */ = {isa = PBXFileReference; includeInIndex = 1; lastKnownFileType = text.xcconfig; name = "Pods-Christina App-Christina AppUITests.debug.xcconfig"; path = "Target Support Files/Pods-Christina App-Christina AppUITests/Pods-Christina App-Christina AppUITests.debug.xcconfig"; sourceTree = "<group>"; };
/* End PBXFileReference section */

/* Begin PBXFrameworksBuildPhase section */
		7D2F0EEC27D8672100540D33 /* Frameworks */ = {
			isa = PBXFrameworksBuildPhase;
			buildActionMask = 2147483647;
			files = (
				4E26D15173538DB59C6AD453 /* Pods_Christina_App.framework in Frameworks */,
			);
			runOnlyForDeploymentPostprocessing = 0;
		};
		7D2F0F0227D8672200540D33 /* Frameworks */ = {
			isa = PBXFrameworksBuildPhase;
			buildActionMask = 2147483647;
			files = (
				97F7B3F3919DBD8C760357BB /* Pods_Christina_AppTests.framework in Frameworks */,
			);
			runOnlyForDeploymentPostprocessing = 0;
		};
		7D2F0F0C27D8672200540D33 /* Frameworks */ = {
			isa = PBXFrameworksBuildPhase;
			buildActionMask = 2147483647;
			files = (
				5D5FD4D11F074C45BBA1809D /* Pods_Christina_App_Christina_AppUITests.framework in Frameworks */,
			);
			runOnlyForDeploymentPostprocessing = 0;
		};
/* End PBXFrameworksBuildPhase section */

/* Begin PBXGroup section */
		5848F01E85A99BA83037C42B /* Pods */ = {
			isa = PBXGroup;
			children = (
				2970509A125ED1E0823E3AE6 /* Pods-Christina App.debug.xcconfig */,
				036E222BC7859414A143EBC3 /* Pods-Christina App.release.xcconfig */,
				AAA9515AE925D280C39EF937 /* Pods-Christina App-Christina AppUITests.debug.xcconfig */,
				900306B7987869A953FC17C9 /* Pods-Christina App-Christina AppUITests.release.xcconfig */,
				05689B12C18D0D525F19B3A4 /* Pods-Christina AppTests.debug.xcconfig */,
				5B64D281B67AAD36D2B567FF /* Pods-Christina AppTests.release.xcconfig */,
			);
			path = Pods;
			sourceTree = "<group>";
		};
		7D2F0EE627D8672100540D33 = {
			isa = PBXGroup;
			children = (
				7D2F0EF127D8672100540D33 /* Christina App */,
				7D2F0F0827D8672200540D33 /* Christina AppTests */,
				7D2F0F1227D8672200540D33 /* Christina AppUITests */,
				7D2F0EF027D8672100540D33 /* Products */,
				5848F01E85A99BA83037C42B /* Pods */,
				CC98A1F67E57BE9CD7FAB160 /* Frameworks */,
			);
			sourceTree = "<group>";
		};
		7D2F0EF027D8672100540D33 /* Products */ = {
			isa = PBXGroup;
			children = (
				7D2F0EEF27D8672100540D33 /* Christina App.app */,
				7D2F0F0527D8672200540D33 /* Christina AppTests.xctest */,
				7D2F0F0F27D8672200540D33 /* Christina AppUITests.xctest */,
			);
			name = Products;
			sourceTree = "<group>";
		};
		7D2F0EF127D8672100540D33 /* Christina App */ = {
			isa = PBXGroup;
			children = (
				7D2F0F2827D99CDC00540D33 /* Models */,
				7D2F0F2727D99CD600540D33 /* Views */,
				7D2F0F2627D99CCC00540D33 /* Controllers */,
				7D2F0EF227D8672100540D33 /* AppDelegate.swift */,
				7D2F0EF427D8672100540D33 /* SceneDelegate.swift */,
				7D2F0EF627D8672100540D33 /* ViewController.swift */,
				7D2F0EFB27D8672200540D33 /* Assets.xcassets */,
				7D2F0EFD27D8672200540D33 /* LaunchScreen.storyboard */,
				7D2F0F0027D8672200540D33 /* Info.plist */,
				7D2F0F2427D8715C00540D33 /* GoogleService-Info.plist */,
			);
			path = "Christina App";
			sourceTree = "<group>";
		};
		7D2F0F0827D8672200540D33 /* Christina AppTests */ = {
			isa = PBXGroup;
			children = (
				7D2F0F0927D8672200540D33 /* Christina_AppTests.swift */,
			);
			path = "Christina AppTests";
			sourceTree = "<group>";
		};
		7D2F0F1227D8672200540D33 /* Christina AppUITests */ = {
			isa = PBXGroup;
			children = (
				7D2F0F1327D8672200540D33 /* Christina_AppUITests.swift */,
				7D2F0F1527D8672200540D33 /* Christina_AppUITestsLaunchTests.swift */,
			);
			path = "Christina AppUITests";
			sourceTree = "<group>";
		};
		7D2F0F2627D99CCC00540D33 /* Controllers */ = {
			isa = PBXGroup;
			children = (
				7D2F0F2927D99D0500540D33 /* HomeViewController.swift */,
				7D2F0F2D27D99D4500540D33 /* SettingsViewController.swift */,
				7D2F0FBB27DCFBA100540D33 /* CustomTabBarViewController.swift */,
				7D2F0FBD27DD2A6400540D33 /* UploadViewController.swift */,
			);
			path = Controllers;
			sourceTree = "<group>";
		};
		7D2F0F2727D99CD600540D33 /* Views */ = {
			isa = PBXGroup;
			children = (
				7D2F0EF827D8672100540D33 /* Main.storyboard */,
			);
			path = Views;
			sourceTree = "<group>";
		};
		7D2F0F2827D99CDC00540D33 /* Models */ = {
			isa = PBXGroup;
			children = (
			);
			path = Models;
			sourceTree = "<group>";
		};
		CC98A1F67E57BE9CD7FAB160 /* Frameworks */ = {
			isa = PBXGroup;
			children = (
				602B93D71F5F78F9C88A7D3E /* Pods_Christina_App.framework */,
				99742246A4F79FBEB919BB39 /* Pods_Christina_App_Christina_AppUITests.framework */,
				A4085BB01264BDB3E1848804 /* Pods_Christina_AppTests.framework */,
			);
			name = Frameworks;
			sourceTree = "<group>";
		};
/* End PBXGroup section */

/* Begin PBXNativeTarget section */
		7D2F0EEE27D8672100540D33 /* Christina App */ = {
			isa = PBXNativeTarget;
			buildConfigurationList = 7D2F0F1927D8672200540D33 /* Build configuration list for PBXNativeTarget "Christina App" */;
			buildPhases = (
				C6A7F8FFB3A0115E70ACF0CC /* [CP] Check Pods Manifest.lock */,
				7D2F0EEB27D8672100540D33 /* Sources */,
				7D2F0EEC27D8672100540D33 /* Frameworks */,
				7D2F0EED27D8672100540D33 /* Resources */,
				4A14416A41EDECE1F04B12AB /* [CP] Embed Pods Frameworks */,
			);
			buildRules = (
			);
			dependencies = (
			);
			name = "Christina App";
			productName = "Christina App";
			productReference = 7D2F0EEF27D8672100540D33 /* Christina App.app */;
			productType = "com.apple.product-type.application";
		};
		7D2F0F0427D8672200540D33 /* Christina AppTests */ = {
			isa = PBXNativeTarget;
			buildConfigurationList = 7D2F0F1C27D8672200540D33 /* Build configuration list for PBXNativeTarget "Christina AppTests" */;
			buildPhases = (
				7BAB41BF321680CB04978964 /* [CP] Check Pods Manifest.lock */,
				7D2F0F0127D8672200540D33 /* Sources */,
				7D2F0F0227D8672200540D33 /* Frameworks */,
				7D2F0F0327D8672200540D33 /* Resources */,
			);
			buildRules = (
			);
			dependencies = (
				7D2F0F0727D8672200540D33 /* PBXTargetDependency */,
			);
			name = "Christina AppTests";
			productName = "Christina AppTests";
			productReference = 7D2F0F0527D8672200540D33 /* Christina AppTests.xctest */;
			productType = "com.apple.product-type.bundle.unit-test";
		};
		7D2F0F0E27D8672200540D33 /* Christina AppUITests */ = {
			isa = PBXNativeTarget;
			buildConfigurationList = 7D2F0F1F27D8672200540D33 /* Build configuration list for PBXNativeTarget "Christina AppUITests" */;
			buildPhases = (
				59024C5A6E1CB946BC5238D6 /* [CP] Check Pods Manifest.lock */,
				7D2F0F0B27D8672200540D33 /* Sources */,
				7D2F0F0C27D8672200540D33 /* Frameworks */,
				7D2F0F0D27D8672200540D33 /* Resources */,
				D54EF5C67335FA900DD124D8 /* [CP] Embed Pods Frameworks */,
			);
			buildRules = (
			);
			dependencies = (
				7D2F0F1127D8672200540D33 /* PBXTargetDependency */,
			);
			name = "Christina AppUITests";
			productName = "Christina AppUITests";
			productReference = 7D2F0F0F27D8672200540D33 /* Christina AppUITests.xctest */;
			productType = "com.apple.product-type.bundle.ui-testing";
		};
/* End PBXNativeTarget section */

/* Begin PBXProject section */
		7D2F0EE727D8672100540D33 /* Project object */ = {
			isa = PBXProject;
			attributes = {
				BuildIndependentTargetsInParallel = 1;
				LastSwiftUpdateCheck = 1320;
				LastUpgradeCheck = 1320;
				TargetAttributes = {
					7D2F0EEE27D8672100540D33 = {
						CreatedOnToolsVersion = 13.2.1;
					};
					7D2F0F0427D8672200540D33 = {
						CreatedOnToolsVersion = 13.2.1;
						TestTargetID = 7D2F0EEE27D8672100540D33;
					};
					7D2F0F0E27D8672200540D33 = {
						CreatedOnToolsVersion = 13.2.1;
						TestTargetID = 7D2F0EEE27D8672100540D33;
					};
				};
			};
			buildConfigurationList = 7D2F0EEA27D8672100540D33 /* Build configuration list for PBXProject "Christina App" */;
			compatibilityVersion = "Xcode 13.0";
			developmentRegion = en;
			hasScannedForEncodings = 0;
			knownRegions = (
				en,
				Base,
			);
			mainGroup = 7D2F0EE627D8672100540D33;
			productRefGroup = 7D2F0EF027D8672100540D33 /* Products */;
			projectDirPath = "";
			projectRoot = "";
			targets = (
				7D2F0EEE27D8672100540D33 /* Christina App */,
				7D2F0F0427D8672200540D33 /* Christina AppTests */,
				7D2F0F0E27D8672200540D33 /* Christina AppUITests */,
			);
		};
/* End PBXProject section */

/* Begin PBXResourcesBuildPhase section */
		7D2F0EED27D8672100540D33 /* Resources */ = {
			isa = PBXResourcesBuildPhase;
			buildActionMask = 2147483647;
			files = (
				7D2F0EFF27D8672200540D33 /* LaunchScreen.storyboard in Resources */,
				7D2F0F2527D8715C00540D33 /* GoogleService-Info.plist in Resources */,
				7D2F0EFC27D8672200540D33 /* Assets.xcassets in Resources */,
				7D2F0EFA27D8672100540D33 /* Main.storyboard in Resources */,
			);
			runOnlyForDeploymentPostprocessing = 0;
		};
		7D2F0F0327D8672200540D33 /* Resources */ = {
			isa = PBXResourcesBuildPhase;
			buildActionMask = 2147483647;
			files = (
			);
			runOnlyForDeploymentPostprocessing = 0;
		};
		7D2F0F0D27D8672200540D33 /* Resources */ = {
			isa = PBXResourcesBuildPhase;
			buildActionMask = 2147483647;
			files = (
			);
			runOnlyForDeploymentPostprocessing = 0;
		};
/* End PBXResourcesBuildPhase section */

/* Begin PBXShellScriptBuildPhase section */
		4A14416A41EDECE1F04B12AB /* [CP] Embed Pods Frameworks */ = {
			isa = PBXShellScriptBuildPhase;
			buildActionMask = 2147483647;
			files = (
			);
			inputFileListPaths = (
				"${PODS_ROOT}/Target Support Files/Pods-Christina App/Pods-Christina App-frameworks-${CONFIGURATION}-input-files.xcfilelist",
			);
			name = "[CP] Embed Pods Frameworks";
			outputFileListPaths = (
				"${PODS_ROOT}/Target Support Files/Pods-Christina App/Pods-Christina App-frameworks-${CONFIGURATION}-output-files.xcfilelist",
			);
			runOnlyForDeploymentPostprocessing = 0;
			shellPath = /bin/sh;
			shellScript = "\"${PODS_ROOT}/Target Support Files/Pods-Christina App/Pods-Christina App-frameworks.sh\"\n";
			showEnvVarsInLog = 0;
		};
		59024C5A6E1CB946BC5238D6 /* [CP] Check Pods Manifest.lock */ = {
			isa = PBXShellScriptBuildPhase;
			buildActionMask = 2147483647;
			files = (
			);
			inputFileListPaths = (
			);
			inputPaths = (
				"${PODS_PODFILE_DIR_PATH}/Podfile.lock",
				"${PODS_ROOT}/Manifest.lock",
			);
			name = "[CP] Check Pods Manifest.lock";
			outputFileListPaths = (
			);
			outputPaths = (
				"$(DERIVED_FILE_DIR)/Pods-Christina App-Christina AppUITests-checkManifestLockResult.txt",
			);
			runOnlyForDeploymentPostprocessing = 0;
			shellPath = /bin/sh;
			shellScript = "diff \"${PODS_PODFILE_DIR_PATH}/Podfile.lock\" \"${PODS_ROOT}/Manifest.lock\" > /dev/null\nif [ $? != 0 ] ; then\n    # print error to STDERR\n    echo \"error: The sandbox is not in sync with the Podfile.lock. Run 'pod install' or update your CocoaPods installation.\" >&2\n    exit 1\nfi\n# This output is used by Xcode 'outputs' to avoid re-running this script phase.\necho \"SUCCESS\" > \"${SCRIPT_OUTPUT_FILE_0}\"\n";
			showEnvVarsInLog = 0;
		};
		7BAB41BF321680CB04978964 /* [CP] Check Pods Manifest.lock */ = {
			isa = PBXShellScriptBuildPhase;
			buildActionMask = 2147483647;
			files = (
			);
			inputFileListPaths = (
			);
			inputPaths = (
				"${PODS_PODFILE_DIR_PATH}/Podfile.lock",
				"${PODS_ROOT}/Manifest.lock",
			);
			name = "[CP] Check Pods Manifest.lock";
			outputFileListPaths = (
			);
			outputPaths = (
				"$(DERIVED_FILE_DIR)/Pods-Christina AppTests-checkManifestLockResult.txt",
			);
			runOnlyForDeploymentPostprocessing = 0;
			shellPath = /bin/sh;
			shellScript = "diff \"${PODS_PODFILE_DIR_PATH}/Podfile.lock\" \"${PODS_ROOT}/Manifest.lock\" > /dev/null\nif [ $? != 0 ] ; then\n    # print error to STDERR\n    echo \"error: The sandbox is not in sync with the Podfile.lock. Run 'pod install' or update your CocoaPods installation.\" >&2\n    exit 1\nfi\n# This output is used by Xcode 'outputs' to avoid re-running this script phase.\necho \"SUCCESS\" > \"${SCRIPT_OUTPUT_FILE_0}\"\n";
			showEnvVarsInLog = 0;
		};
		C6A7F8FFB3A0115E70ACF0CC /* [CP] Check Pods Manifest.lock */ = {
			isa = PBXShellScriptBuildPhase;
			buildActionMask = 2147483647;
			files = (
			);
			inputFileListPaths = (
			);
			inputPaths = (
				"${PODS_PODFILE_DIR_PATH}/Podfile.lock",
				"${PODS_ROOT}/Manifest.lock",
			);
			name = "[CP] Check Pods Manifest.lock";
			outputFileListPaths = (
			);
			outputPaths = (
				"$(DERIVED_FILE_DIR)/Pods-Christina App-checkManifestLockResult.txt",
			);
			runOnlyForDeploymentPostprocessing = 0;
			shellPath = /bin/sh;
			shellScript = "diff \"${PODS_PODFILE_DIR_PATH}/Podfile.lock\" \"${PODS_ROOT}/Manifest.lock\" > /dev/null\nif [ $? != 0 ] ; then\n    # print error to STDERR\n    echo \"error: The sandbox is not in sync with the Podfile.lock. Run 'pod install' or update your CocoaPods installation.\" >&2\n    exit 1\nfi\n# This output is used by Xcode 'outputs' to avoid re-running this script phase.\necho \"SUCCESS\" > \"${SCRIPT_OUTPUT_FILE_0}\"\n";
			showEnvVarsInLog = 0;
		};
		D54EF5C67335FA900DD124D8 /* [CP] Embed Pods Frameworks */ = {
			isa = PBXShellScriptBuildPhase;
			buildActionMask = 2147483647;
			files = (
			);
			inputFileListPaths = (
				"${PODS_ROOT}/Target Support Files/Pods-Christina App-Christina AppUITests/Pods-Christina App-Christina AppUITests-frameworks-${CONFIGURATION}-input-files.xcfilelist",
			);
			name = "[CP] Embed Pods Frameworks";
			outputFileListPaths = (
				"${PODS_ROOT}/Target Support Files/Pods-Christina App-Christina AppUITests/Pods-Christina App-Christina AppUITests-frameworks-${CONFIGURATION}-output-files.xcfilelist",
			);
			runOnlyForDeploymentPostprocessing = 0;
			shellPath = /bin/sh;
			shellScript = "\"${PODS_ROOT}/Target Support Files/Pods-Christina App-Christina AppUITests/Pods-Christina App-Christina AppUITests-frameworks.sh\"\n";
			showEnvVarsInLog = 0;
		};
/* End PBXShellScriptBuildPhase section */

/* Begin PBXSourcesBuildPhase section */
		7D2F0EEB27D8672100540D33 /* Sources */ = {
			isa = PBXSourcesBuildPhase;
			buildActionMask = 2147483647;
			files = (
				7D2F0EF727D8672100540D33 /* ViewController.swift in Sources */,
				7D2F0FBE27DD2A6400540D33 /* UploadViewController.swift in Sources */,
				7D2F0EF327D8672100540D33 /* AppDelegate.swift in Sources */,
				7D2F0EF527D8672100540D33 /* SceneDelegate.swift in Sources */,
				7D2F0FBC27DCFBA100540D33 /* CustomTabBarViewController.swift in Sources */,
				7D2F0F2A27D99D0500540D33 /* HomeViewController.swift in Sources */,
				7D2F0F2E27D99D4500540D33 /* SettingsViewController.swift in Sources */,
			);
			runOnlyForDeploymentPostprocessing = 0;
		};
		7D2F0F0127D8672200540D33 /* Sources */ = {
			isa = PBXSourcesBuildPhase;
			buildActionMask = 2147483647;
			files = (
				7D2F0F0A27D8672200540D33 /* Christina_AppTests.swift in Sources */,
			);
			runOnlyForDeploymentPostprocessing = 0;
		};
		7D2F0F0B27D8672200540D33 /* Sources */ = {
			isa = PBXSourcesBuildPhase;
			buildActionMask = 2147483647;
			files = (
				7D2F0F1627D8672200540D33 /* Christina_AppUITestsLaunchTests.swift in Sources */,
				7D2F0F1427D8672200540D33 /* Christina_AppUITests.swift in Sources */,
			);
			runOnlyForDeploymentPostprocessing = 0;
		};
/* End PBXSourcesBuildPhase section */

/* Begin PBXTargetDependency section */
		7D2F0F0727D8672200540D33 /* PBXTargetDependency */ = {
			isa = PBXTargetDependency;
			target = 7D2F0EEE27D8672100540D33 /* Christina App */;
			targetProxy = 7D2F0F0627D8672200540D33 /* PBXContainerItemProxy */;
		};
		7D2F0F1127D8672200540D33 /* PBXTargetDependency */ = {
			isa = PBXTargetDependency;
			target = 7D2F0EEE27D8672100540D33 /* Christina App */;
			targetProxy = 7D2F0F1027D8672200540D33 /* PBXContainerItemProxy */;
		};
/* End PBXTargetDependency section */

/* Begin PBXVariantGroup section */
		7D2F0EF827D8672100540D33 /* Main.storyboard */ = {
			isa = PBXVariantGroup;
			children = (
				7D2F0EF927D8672100540D33 /* Base */,
			);
			name = Main.storyboard;
			sourceTree = "<group>";
		};
		7D2F0EFD27D8672200540D33 /* LaunchScreen.storyboard */ = {
			isa = PBXVariantGroup;
			children = (
				7D2F0EFE27D8672200540D33 /* Base */,
			);
			name = LaunchScreen.storyboard;
			sourceTree = "<group>";
		};
/* End PBXVariantGroup section */

/* Begin XCBuildConfiguration section */
		7D2F0F1727D8672200540D33 /* Debug */ = {
			isa = XCBuildConfiguration;
			buildSettings = {
				ALWAYS_SEARCH_USER_PATHS = NO;
				CLANG_ANALYZER_NONNULL = YES;
				CLANG_ANALYZER_NUMBER_OBJECT_CONVERSION = YES_AGGRESSIVE;
				CLANG_CXX_LANGUAGE_STANDARD = "gnu++17";
				CLANG_CXX_LIBRARY = "libc++";
				CLANG_ENABLE_MODULES = YES;
				CLANG_ENABLE_OBJC_ARC = YES;
				CLANG_ENABLE_OBJC_WEAK = YES;
				CLANG_WARN_BLOCK_CAPTURE_AUTORELEASING = YES;
				CLANG_WARN_BOOL_CONVERSION = YES;
				CLANG_WARN_COMMA = YES;
				CLANG_WARN_CONSTANT_CONVERSION = YES;
				CLANG_WARN_DEPRECATED_OBJC_IMPLEMENTATIONS = YES;
				CLANG_WARN_DIRECT_OBJC_ISA_USAGE = YES_ERROR;
				CLANG_WARN_DOCUMENTATION_COMMENTS = YES;
				CLANG_WARN_EMPTY_BODY = YES;
				CLANG_WARN_ENUM_CONVERSION = YES;
				CLANG_WARN_INFINITE_RECURSION = YES;
				CLANG_WARN_INT_CONVERSION = YES;
				CLANG_WARN_NON_LITERAL_NULL_CONVERSION = YES;
				CLANG_WARN_OBJC_IMPLICIT_RETAIN_SELF = YES;
				CLANG_WARN_OBJC_LITERAL_CONVERSION = YES;
				CLANG_WARN_OBJC_ROOT_CLASS = YES_ERROR;
				CLANG_WARN_QUOTED_INCLUDE_IN_FRAMEWORK_HEADER = YES;
				CLANG_WARN_RANGE_LOOP_ANALYSIS = YES;
				CLANG_WARN_STRICT_PROTOTYPES = YES;
				CLANG_WARN_SUSPICIOUS_MOVE = YES;
				CLANG_WARN_UNGUARDED_AVAILABILITY = YES_AGGRESSIVE;
				CLANG_WARN_UNREACHABLE_CODE = YES;
				CLANG_WARN__DUPLICATE_METHOD_MATCH = YES;
				COPY_PHASE_STRIP = NO;
				DEBUG_INFORMATION_FORMAT = dwarf;
				ENABLE_STRICT_OBJC_MSGSEND = YES;
				ENABLE_TESTABILITY = YES;
				GCC_C_LANGUAGE_STANDARD = gnu11;
				GCC_DYNAMIC_NO_PIC = NO;
				GCC_NO_COMMON_BLOCKS = YES;
				GCC_OPTIMIZATION_LEVEL = 0;
				GCC_PREPROCESSOR_DEFINITIONS = (
					"DEBUG=1",
					"$(inherited)",
				);
				GCC_WARN_64_TO_32_BIT_CONVERSION = YES;
				GCC_WARN_ABOUT_RETURN_TYPE = YES_ERROR;
				GCC_WARN_UNDECLARED_SELECTOR = YES;
				GCC_WARN_UNINITIALIZED_AUTOS = YES_AGGRESSIVE;
				GCC_WARN_UNUSED_FUNCTION = YES;
				GCC_WARN_UNUSED_VARIABLE = YES;
				IPHONEOS_DEPLOYMENT_TARGET = 15.2;
				MTL_ENABLE_DEBUG_INFO = INCLUDE_SOURCE;
				MTL_FAST_MATH = YES;
				ONLY_ACTIVE_ARCH = YES;
				SDKROOT = iphoneos;
				SWIFT_ACTIVE_COMPILATION_CONDITIONS = DEBUG;
				SWIFT_OPTIMIZATION_LEVEL = "-Onone";
			};
			name = Debug;
		};
		7D2F0F1827D8672200540D33 /* Release */ = {
			isa = XCBuildConfiguration;
			buildSettings = {
				ALWAYS_SEARCH_USER_PATHS = NO;
				CLANG_ANALYZER_NONNULL = YES;
				CLANG_ANALYZER_NUMBER_OBJECT_CONVERSION = YES_AGGRESSIVE;
				CLANG_CXX_LANGUAGE_STANDARD = "gnu++17";
				CLANG_CXX_LIBRARY = "libc++";
				CLANG_ENABLE_MODULES = YES;
				CLANG_ENABLE_OBJC_ARC = YES;
				CLANG_ENABLE_OBJC_WEAK = YES;
				CLANG_WARN_BLOCK_CAPTURE_AUTORELEASING = YES;
				CLANG_WARN_BOOL_CONVERSION = YES;
				CLANG_WARN_COMMA = YES;
				CLANG_WARN_CONSTANT_CONVERSION = YES;
				CLANG_WARN_DEPRECATED_OBJC_IMPLEMENTATIONS = YES;
				CLANG_WARN_DIRECT_OBJC_ISA_USAGE = YES_ERROR;
				CLANG_WARN_DOCUMENTATION_COMMENTS = YES;
				CLANG_WARN_EMPTY_BODY = YES;
				CLANG_WARN_ENUM_CONVERSION = YES;
				CLANG_WARN_INFINITE_RECURSION = YES;
				CLANG_WARN_INT_CONVERSION = YES;
				CLANG_WARN_NON_LITERAL_NULL_CONVERSION = YES;
				CLANG_WARN_OBJC_IMPLICIT_RETAIN_SELF = YES;
				CLANG_WARN_OBJC_LITERAL_CONVERSION = YES;
				CLANG_WARN_OBJC_ROOT_CLASS = YES_ERROR;
				CLANG_WARN_QUOTED_INCLUDE_IN_FRAMEWORK_HEADER = YES;
				CLANG_WARN_RANGE_LOOP_ANALYSIS = YES;
				CLANG_WARN_STRICT_PROTOTYPES = YES;
				CLANG_WARN_SUSPICIOUS_MOVE = YES;
				CLANG_WARN_UNGUARDED_AVAILABILITY = YES_AGGRESSIVE;
				CLANG_WARN_UNREACHABLE_CODE = YES;
				CLANG_WARN__DUPLICATE_METHOD_MATCH = YES;
				COPY_PHASE_STRIP = NO;
				DEBUG_INFORMATION_FORMAT = "dwarf-with-dsym";
				ENABLE_NS_ASSERTIONS = NO;
				ENABLE_STRICT_OBJC_MSGSEND = YES;
				GCC_C_LANGUAGE_STANDARD = gnu11;
				GCC_NO_COMMON_BLOCKS = YES;
				GCC_WARN_64_TO_32_BIT_CONVERSION = YES;
				GCC_WARN_ABOUT_RETURN_TYPE = YES_ERROR;
				GCC_WARN_UNDECLARED_SELECTOR = YES;
				GCC_WARN_UNINITIALIZED_AUTOS = YES_AGGRESSIVE;
				GCC_WARN_UNUSED_FUNCTION = YES;
				GCC_WARN_UNUSED_VARIABLE = YES;
				IPHONEOS_DEPLOYMENT_TARGET = 15.2;
				MTL_ENABLE_DEBUG_INFO = NO;
				MTL_FAST_MATH = YES;
				SDKROOT = iphoneos;
				SWIFT_COMPILATION_MODE = wholemodule;
				SWIFT_OPTIMIZATION_LEVEL = "-O";
				VALIDATE_PRODUCT = YES;
			};
			name = Release;
		};
		7D2F0F1A27D8672200540D33 /* Debug */ = {
			isa = XCBuildConfiguration;
			baseConfigurationReference = 2970509A125ED1E0823E3AE6 /* Pods-Christina App.debug.xcconfig */;
			buildSettings = {
				ASSETCATALOG_COMPILER_APPICON_NAME = AppIcon;
				ASSETCATALOG_COMPILER_GLOBAL_ACCENT_COLOR_NAME = AccentColor;
				CODE_SIGN_STYLE = Automatic;
				CURRENT_PROJECT_VERSION = 1;
				DEVELOPMENT_TEAM = 8M4VMWD9G6;
				GENERATE_INFOPLIST_FILE = YES;
				INFOPLIST_FILE = "Christina App/Info.plist";
				INFOPLIST_KEY_UIApplicationSupportsIndirectInputEvents = YES;
				INFOPLIST_KEY_UILaunchStoryboardName = LaunchScreen;
				INFOPLIST_KEY_UIMainStoryboardFile = Main;
				INFOPLIST_KEY_UISupportedInterfaceOrientations_iPad = "UIInterfaceOrientationPortrait UIInterfaceOrientationPortraitUpsideDown UIInterfaceOrientationLandscapeLeft UIInterfaceOrientationLandscapeRight";
				INFOPLIST_KEY_UISupportedInterfaceOrientations_iPhone = "UIInterfaceOrientationPortrait UIInterfaceOrientationLandscapeLeft UIInterfaceOrientationLandscapeRight";
				IPHONEOS_DEPLOYMENT_TARGET = 15.0;
				LD_RUNPATH_SEARCH_PATHS = (
					"$(inherited)",
					"@executable_path/Frameworks",
				);
				MARKETING_VERSION = 1.0;
				PRODUCT_BUNDLE_IDENTIFIER = "com.charlesrobertsdesign.Christina-App";
				PRODUCT_NAME = "$(TARGET_NAME)";
				SWIFT_EMIT_LOC_STRINGS = YES;
				SWIFT_VERSION = 5.0;
				TARGETED_DEVICE_FAMILY = 1;
			};
			name = Debug;
		};
		7D2F0F1B27D8672200540D33 /* Release */ = {
			isa = XCBuildConfiguration;
			baseConfigurationReference = 036E222BC7859414A143EBC3 /* Pods-Christina App.release.xcconfig */;
			buildSettings = {
				ASSETCATALOG_COMPILER_APPICON_NAME = AppIcon;
				ASSETCATALOG_COMPILER_GLOBAL_ACCENT_COLOR_NAME = AccentColor;
				CODE_SIGN_STYLE = Automatic;
				CURRENT_PROJECT_VERSION = 1;
				DEVELOPMENT_TEAM = 8M4VMWD9G6;
				GENERATE_INFOPLIST_FILE = YES;
				INFOPLIST_FILE = "Christina App/Info.plist";
				INFOPLIST_KEY_UIApplicationSupportsIndirectInputEvents = YES;
				INFOPLIST_KEY_UILaunchStoryboardName = LaunchScreen;
				INFOPLIST_KEY_UIMainStoryboardFile = Main;
				INFOPLIST_KEY_UISupportedInterfaceOrientations_iPad = "UIInterfaceOrientationPortrait UIInterfaceOrientationPortraitUpsideDown UIInterfaceOrientationLandscapeLeft UIInterfaceOrientationLandscapeRight";
				INFOPLIST_KEY_UISupportedInterfaceOrientations_iPhone = "UIInterfaceOrientationPortrait UIInterfaceOrientationLandscapeLeft UIInterfaceOrientationLandscapeRight";
				IPHONEOS_DEPLOYMENT_TARGET = 15.0;
				LD_RUNPATH_SEARCH_PATHS = (
					"$(inherited)",
					"@executable_path/Frameworks",
				);
				MARKETING_VERSION = 1.0;
				PRODUCT_BUNDLE_IDENTIFIER = "com.charlesrobertsdesign.Christina-App";
				PRODUCT_NAME = "$(TARGET_NAME)";
				SWIFT_EMIT_LOC_STRINGS = YES;
				SWIFT_VERSION = 5.0;
				TARGETED_DEVICE_FAMILY = 1;
			};
			name = Release;
		};
		7D2F0F1D27D8672200540D33 /* Debug */ = {
			isa = XCBuildConfiguration;
			baseConfigurationReference = 05689B12C18D0D525F19B3A4 /* Pods-Christina AppTests.debug.xcconfig */;
			buildSettings = {
				ALWAYS_EMBED_SWIFT_STANDARD_LIBRARIES = YES;
				BUNDLE_LOADER = "$(TEST_HOST)";
				CODE_SIGN_STYLE = Automatic;
				CURRENT_PROJECT_VERSION = 1;
				DEVELOPMENT_TEAM = 8M4VMWD9G6;
				GENERATE_INFOPLIST_FILE = YES;
				IPHONEOS_DEPLOYMENT_TARGET = 15.2;
				MARKETING_VERSION = 1.0;
				PRODUCT_BUNDLE_IDENTIFIER = "com.charlesrobertsdesign.Christina-AppTests";
				PRODUCT_NAME = "$(TARGET_NAME)";
				SWIFT_EMIT_LOC_STRINGS = NO;
				SWIFT_VERSION = 5.0;
				TARGETED_DEVICE_FAMILY = "1,2";
				TEST_HOST = "$(BUILT_PRODUCTS_DIR)/Christina App.app/Christina App";
			};
			name = Debug;
		};
		7D2F0F1E27D8672200540D33 /* Release */ = {
			isa = XCBuildConfiguration;
			baseConfigurationReference = 5B64D281B67AAD36D2B567FF /* Pods-Christina AppTests.release.xcconfig */;
			buildSettings = {
				ALWAYS_EMBED_SWIFT_STANDARD_LIBRARIES = YES;
				BUNDLE_LOADER = "$(TEST_HOST)";
				CODE_SIGN_STYLE = Automatic;
				CURRENT_PROJECT_VERSION = 1;
				DEVELOPMENT_TEAM = 8M4VMWD9G6;
				GENERATE_INFOPLIST_FILE = YES;
				IPHONEOS_DEPLOYMENT_TARGET = 15.2;
				MARKETING_VERSION = 1.0;
				PRODUCT_BUNDLE_IDENTIFIER = "com.charlesrobertsdesign.Christina-AppTests";
				PRODUCT_NAME = "$(TARGET_NAME)";
				SWIFT_EMIT_LOC_STRINGS = NO;
				SWIFT_VERSION = 5.0;
				TARGETED_DEVICE_FAMILY = "1,2";
				TEST_HOST = "$(BUILT_PRODUCTS_DIR)/Christina App.app/Christina App";
			};
			name = Release;
		};
		7D2F0F2027D8672200540D33 /* Debug */ = {
			isa = XCBuildConfiguration;
			baseConfigurationReference = AAA9515AE925D280C39EF937 /* Pods-Christina App-Christina AppUITests.debug.xcconfig */;
			buildSettings = {
				ALWAYS_EMBED_SWIFT_STANDARD_LIBRARIES = YES;
				CODE_SIGN_STYLE = Automatic;
				CURRENT_PROJECT_VERSION = 1;
				DEVELOPMENT_TEAM = 8M4VMWD9G6;
				GENERATE_INFOPLIST_FILE = YES;
				MARKETING_VERSION = 1.0;
				PRODUCT_BUNDLE_IDENTIFIER = "com.charlesrobertsdesign.Christina-AppUITests";
				PRODUCT_NAME = "$(TARGET_NAME)";
				SWIFT_EMIT_LOC_STRINGS = NO;
				SWIFT_VERSION = 5.0;
				TARGETED_DEVICE_FAMILY = "1,2";
				TEST_TARGET_NAME = "Christina App";
			};
			name = Debug;
		};
		7D2F0F2127D8672200540D33 /* Release */ = {
			isa = XCBuildConfiguration;
			baseConfigurationReference = 900306B7987869A953FC17C9 /* Pods-Christina App-Christina AppUITests.release.xcconfig */;
			buildSettings = {
				ALWAYS_EMBED_SWIFT_STANDARD_LIBRARIES = YES;
				CODE_SIGN_STYLE = Automatic;
				CURRENT_PROJECT_VERSION = 1;
				DEVELOPMENT_TEAM = 8M4VMWD9G6;
				GENERATE_INFOPLIST_FILE = YES;
				MARKETING_VERSION = 1.0;
				PRODUCT_BUNDLE_IDENTIFIER = "com.charlesrobertsdesign.Christina-AppUITests";
				PRODUCT_NAME = "$(TARGET_NAME)";
				SWIFT_EMIT_LOC_STRINGS = NO;
				SWIFT_VERSION = 5.0;
				TARGETED_DEVICE_FAMILY = "1,2";
				TEST_TARGET_NAME = "Christina App";
			};
			name = Release;
		};
/* End XCBuildConfiguration section */

/* Begin XCConfigurationList section */
		7D2F0EEA27D8672100540D33 /* Build configuration list for PBXProject "Christina App" */ = {
			isa = XCConfigurationList;
			buildConfigurations = (
				7D2F0F1727D8672200540D33 /* Debug */,
				7D2F0F1827D8672200540D33 /* Release */,
			);
			defaultConfigurationIsVisible = 0;
			defaultConfigurationName = Release;
		};
		7D2F0F1927D8672200540D33 /* Build configuration list for PBXNativeTarget "Christina App" */ = {
			isa = XCConfigurationList;
			buildConfigurations = (
				7D2F0F1A27D8672200540D33 /* Debug */,
				7D2F0F1B27D8672200540D33 /* Release */,
			);
			defaultConfigurationIsVisible = 0;
			defaultConfigurationName = Release;
		};
		7D2F0F1C27D8672200540D33 /* Build configuration list for PBXNativeTarget "Christina AppTests" */ = {
			isa = XCConfigurationList;
			buildConfigurations = (
				7D2F0F1D27D8672200540D33 /* Debug */,
				7D2F0F1E27D8672200540D33 /* Release */,
			);
			defaultConfigurationIsVisible = 0;
			defaultConfigurationName = Release;
		};
		7D2F0F1F27D8672200540D33 /* Build configuration list for PBXNativeTarget "Christina AppUITests" */ = {
			isa = XCConfigurationList;
			buildConfigurations = (
				7D2F0F2027D8672200540D33 /* Debug */,
				7D2F0F2127D8672200540D33 /* Release */,
			);
			defaultConfigurationIsVisible = 0;
			defaultConfigurationName = Release;
		};
/* End XCConfigurationList section */
	};
	rootObject = 7D2F0EE727D8672100540D33 /* Project object */;
}
